
Microsoft Visual Studio Solution File, Format Version 12.00
# Visual Studio Version 17
VisualStudioVersion = 17.5.33414.496
MinimumVisualStudioVersion = 10.0.40219.1
Project("{FAE04EC0-301F-11D3-BF4B-00C04F79EFBC}") = "Laboratorio 8", "Laboratorio 8\Laboratorio 8.csproj", "{102AFE09-ECE0-4CC1-ACC8-018E69D15611}"
EndProject
Global
	GlobalSection(SolutionConfigurationPlatforms) = preSolution
		Debug|Any CPU = Debug|Any CPU
		Release|Any CPU = Release|Any CPU
	EndGlobalSection
	GlobalSection(ProjectConfigurationPlatforms) = postSolution
		{102AFE09-ECE0-4CC1-ACC8-018E69D15611}.Debug|Any CPU.ActiveCfg = Debug|Any CPU
		{102AFE09-ECE0-4CC1-ACC8-018E69D15611}.Debug|Any CPU.Build.0 = Debug|Any CPU
		{102AFE09-ECE0-4CC1-ACC8-018E69D15611}.Release|Any CPU.ActiveCfg = Release|Any CPU
		{102AFE09-ECE0-4CC1-ACC8-018E69D15611}.Release|Any CPU.Build.0 = Release|Any CPU
	EndGlobalSection
	GlobalSection(SolutionProperties) = preSolution
		HideSolutionNode = FALSE
	EndGlobalSection
	GlobalSection(ExtensibilityGlobals) = postSolution
		SolutionGuid = {FDB4D6D8-81D5-46E4-816B-23E327292E45}
	EndGlobalSection
EndGlobal
